Microsoft Visual Studio Solution File, Format Version 12.00
# Visual Studio Version 17
VisualStudioVersion = 17.12.35209.166
MinimumVisualStudioVersion = 10.0.40219.1
Project("{2150E333-8FDC-42A3-9474-1A3956D46DE8}") = "Build", "Build", "{02EA681E-C7D8-13C7-8484-4AC65E1B71E8}"
	ProjectSection(SolutionItems) = preProject
		.github\workflows\build.yml = .github\workflows\build.yml
		.github\dependabot.yml = .github\dependabot.yml
		.github\workflows\linter.yml = .github\workflows\linter.yml
		README.md = README.md
	EndProjectSection
EndProject
Project("{2150E333-8FDC-42A3-9474-1A3956D46DE8}") = "Core", "Core", "{84F16610-F68A-42B8-A7C0-839F4B02A4C5}"
EndProject
Project("{2150E333-8FDC-42A3-9474-1A3956D46DE8}") = "Functions", "Functions", "{0B4CF0B3-C90F-4F0C-8D99-3C67A454DCA0}"
EndProject
Project("{2150E333-8FDC-42A3-9474-1A3956D46DE8}") = "WebApps", "WebApps", "{57C650B0-0156-4E70-AE12-113039EF15D3}"
EndProject
Project("{2150E333-8FDC-42A3-9474-1A3956D46DE8}") = "Management", "Management", "{6521DC95-959B-4EDA-98C1-8D6E1B14576F}"
EndProject
Project("{2150E333-8FDC-42A3-9474-1A3956D46DE8}") = "Portals", "Portals", "{7F24359F-95DB-429E-8CF5-18141726032C}"
EndProject
Project("{FAE04EC0-301F-11D3-BF4B-00C04F79EFBC}") = "LondonDataServices.IDecide.Core.Tests.Unit", "LondonDataServices.IDecide.Core.Tests.Unit\LondonDataServices.IDecide.Core.Tests.Unit.csproj", "{F7790F83-383F-998D-3FE2-D2415A3DB68B}"
EndProject
Project("{54A90642-561A-4BB1-A94E-469ADEE60C69}") = "LondonDataServices.IDecide.Manage.Client", "LondonDataServices.IDecide.Manage.Client\LondonDataServices.IDecide.Manage.Client.esproj", "{7AC012A9-4BFA-90BE-6F59-A4112F4DA634}"
EndProject
Project("{FAE04EC0-301F-11D3-BF4B-00C04F79EFBC}") = "LondonDataServices.IDecide.Manage.Server", "LondonDataServices.IDecide.Manage.Server\LondonDataServices.IDecide.Manage.Server.csproj", "{66F6D27B-0E2B-7DAF-7224-E68F08073033}"
EndProject
Project("{FAE04EC0-301F-11D3-BF4B-00C04F79EFBC}") = "LondonDataServices.IDecide.Manage.Server.Tests.Acceptance.Tests.Acceptance", "LondonDataServices.IDecide.Manage.Server.Tests.Acceptance\LondonDataServices.IDecide.Manage.Server.Tests.Acceptance.Tests.Acceptance.csproj", "{0CD48793-5195-2606-938A-852C12B01B5A}"
EndProject
Project("{FAE04EC0-301F-11D3-BF4B-00C04F79EFBC}") = "LondonDataServices.IDecide.Manage.Server.Tests.Integration", "LondonDataServices.IDecide.Manage.Server.Tests.Integration\LondonDataServices.IDecide.Manage.Server.Tests.Integration.csproj", "{31B74508-3229-FE41-A28C-550D811077DB}"
EndProject
Project("{FAE04EC0-301F-11D3-BF4B-00C04F79EFBC}") = "LondonDataServices.IDecide.Manage.Server.Tests.Unit", "LondonDataServices.IDecide.Manage.Server.Tests.Unit\LondonDataServices.IDecide.Manage.Server.Tests.Unit.csproj", "{011D55B3-7A49-2E97-BD04-9CD41A90480F}"
EndProject
Project("{54A90642-561A-4BB1-A94E-469ADEE60C69}") = "LondonDataServices.IDecide.Portal.Client", "LondonDataServices.IDecide.Portal.Client\LondonDataServices.IDecide.Portal.Client.esproj", "{D0DBCF93-5601-B28D-49FB-AC59462DBFBF}"
EndProject
Project("{FAE04EC0-301F-11D3-BF4B-00C04F79EFBC}") = "LondonDataServices.IDecide.Portal.Server", "LondonDataServices.IDecide.Portal.Server\LondonDataServices.IDecide.Portal.Server.csproj", "{F2B1DB34-4AFD-7C73-DC3A-E6E569A71067}"
EndProject
Project("{FAE04EC0-301F-11D3-BF4B-00C04F79EFBC}") = "LondonDataServices.IDecide.Portal.Server.Tests.Unit", "LondonDataServices.IDecide.Portal.Server.Tests.Unit\LondonDataServices.IDecide.Portal.Server.Tests.Unit.csproj", "{57197625-13AF-6149-2A5F-EB43C3921612}"
EndProject
Project("{FAE04EC0-301F-11D3-BF4B-00C04F79EFBC}") = "LondonDataServices.IDecide.Portal.Tests.Acceptance", "LondonDataServices.IDecide.Portal.Tests.Acceptance\LondonDataServices.IDecide.Portal.Tests.Acceptance.csproj", "{500E2DBA-A365-CEE1-07E5-6653468A64EA}"
EndProject
Project("{FAE04EC0-301F-11D3-BF4B-00C04F79EFBC}") = "LondonDataServices.IDecide.Portal.Tests.Integration", "LondonDataServices.IDecide.Portal.Tests.Integration\LondonDataServices.IDecide.Portal.Tests.Integration.csproj", "{3996C9DD-C4A9-88EE-0AF2-D79DFBC620A9}"
EndProject
Project("{FAE04EC0-301F-11D3-BF4B-00C04F79EFBC}") = "LondonDataServices.IDecide.Infrastructure", "LondonDataServices.IDecide.Infrastructure\LondonDataServices.IDecide.Infrastructure.csproj", "{A15527F8-B2EA-C22C-1C5F-79608B83BB66}"
EndProject
Project("{FAE04EC0-301F-11D3-BF4B-00C04F79EFBC}") = "LondonDataServices.IDecide.Core", "LondonDataServices.IDecide.Core\LondonDataServices.IDecide.Core.csproj", "{33A42C4F-2D17-E009-1B1B-D8614BCB4B57}"
EndProject
Global
	GlobalSection(SolutionConfigurationPlatforms) = preSolution
		Debug|Any CPU = Debug|Any CPU
		Release|Any CPU = Release|Any CPU
	EndGlobalSection
	GlobalSection(ProjectConfigurationPlatforms) = postSolution
		{F7790F83-383F-998D-3FE2-D2415A3DB68B}.Debug|Any CPU.ActiveCfg = Debug|Any CPU
		{F7790F83-383F-998D-3FE2-D2415A3DB68B}.Debug|Any CPU.Build.0 = Debug|Any CPU
		{F7790F83-383F-998D-3FE2-D2415A3DB68B}.Release|Any CPU.ActiveCfg = Release|Any CPU
		{F7790F83-383F-998D-3FE2-D2415A3DB68B}.Release|Any CPU.Build.0 = Release|Any CPU
		{7AC012A9-4BFA-90BE-6F59-A4112F4DA634}.Debug|Any CPU.ActiveCfg = Debug|Any CPU
		{7AC012A9-4BFA-90BE-6F59-A4112F4DA634}.Debug|Any CPU.Build.0 = Debug|Any CPU
		{7AC012A9-4BFA-90BE-6F59-A4112F4DA634}.Debug|Any CPU.Deploy.0 = Debug|Any CPU
		{7AC012A9-4BFA-90BE-6F59-A4112F4DA634}.Release|Any CPU.ActiveCfg = Release|Any CPU
		{7AC012A9-4BFA-90BE-6F59-A4112F4DA634}.Release|Any CPU.Build.0 = Release|Any CPU
		{7AC012A9-4BFA-90BE-6F59-A4112F4DA634}.Release|Any CPU.Deploy.0 = Release|Any CPU
		{66F6D27B-0E2B-7DAF-7224-E68F08073033}.Debug|Any CPU.ActiveCfg = Debug|Any CPU
		{66F6D27B-0E2B-7DAF-7224-E68F08073033}.Debug|Any CPU.Build.0 = Debug|Any CPU
		{66F6D27B-0E2B-7DAF-7224-E68F08073033}.Release|Any CPU.ActiveCfg = Release|Any CPU
		{66F6D27B-0E2B-7DAF-7224-E68F08073033}.Release|Any CPU.Build.0 = Release|Any CPU
		{0CD48793-5195-2606-938A-852C12B01B5A}.Debug|Any CPU.ActiveCfg = Debug|Any CPU
		{0CD48793-5195-2606-938A-852C12B01B5A}.Debug|Any CPU.Build.0 = Debug|Any CPU
		{0CD48793-5195-2606-938A-852C12B01B5A}.Release|Any CPU.ActiveCfg = Release|Any CPU
		{0CD48793-5195-2606-938A-852C12B01B5A}.Release|Any CPU.Build.0 = Release|Any CPU
		{31B74508-3229-FE41-A28C-550D811077DB}.Debug|Any CPU.ActiveCfg = Debug|Any CPU
		{31B74508-3229-FE41-A28C-550D811077DB}.Debug|Any CPU.Build.0 = Debug|Any CPU
		{31B74508-3229-FE41-A28C-550D811077DB}.Release|Any CPU.ActiveCfg = Release|Any CPU
		{31B74508-3229-FE41-A28C-550D811077DB}.Release|Any CPU.Build.0 = Release|Any CPU
		{011D55B3-7A49-2E97-BD04-9CD41A90480F}.Debug|Any CPU.ActiveCfg = Debug|Any CPU
		{011D55B3-7A49-2E97-BD04-9CD41A90480F}.Debug|Any CPU.Build.0 = Debug|Any CPU
		{011D55B3-7A49-2E97-BD04-9CD41A90480F}.Release|Any CPU.ActiveCfg = Release|Any CPU
		{011D55B3-7A49-2E97-BD04-9CD41A90480F}.Release|Any CPU.Build.0 = Release|Any CPU
		{D0DBCF93-5601-B28D-49FB-AC59462DBFBF}.Debug|Any CPU.ActiveCfg = Debug|Any CPU
		{D0DBCF93-5601-B28D-49FB-AC59462DBFBF}.Debug|Any CPU.Build.0 = Debug|Any CPU
		{D0DBCF93-5601-B28D-49FB-AC59462DBFBF}.Debug|Any CPU.Deploy.0 = Debug|Any CPU
		{D0DBCF93-5601-B28D-49FB-AC59462DBFBF}.Release|Any CPU.ActiveCfg = Release|Any CPU
		{D0DBCF93-5601-B28D-49FB-AC59462DBFBF}.Release|Any CPU.Build.0 = Release|Any CPU
		{D0DBCF93-5601-B28D-49FB-AC59462DBFBF}.Release|Any CPU.Deploy.0 = Release|Any CPU
		{F2B1DB34-4AFD-7C73-DC3A-E6E569A71067}.Debug|Any CPU.ActiveCfg = Debug|Any CPU
		{F2B1DB34-4AFD-7C73-DC3A-E6E569A71067}.Debug|Any CPU.Build.0 = Debug|Any CPU
		{F2B1DB34-4AFD-7C73-DC3A-E6E569A71067}.Release|Any CPU.ActiveCfg = Release|Any CPU
		{F2B1DB34-4AFD-7C73-DC3A-E6E569A71067}.Release|Any CPU.Build.0 = Release|Any CPU
		{57197625-13AF-6149-2A5F-EB43C3921612}.Debug|Any CPU.ActiveCfg = Debug|Any CPU
		{57197625-13AF-6149-2A5F-EB43C3921612}.Debug|Any CPU.Build.0 = Debug|Any CPU
		{57197625-13AF-6149-2A5F-EB43C3921612}.Release|Any CPU.ActiveCfg = Release|Any CPU
		{57197625-13AF-6149-2A5F-EB43C3921612}.Release|Any CPU.Build.0 = Release|Any CPU
		{500E2DBA-A365-CEE1-07E5-6653468A64EA}.Debug|Any CPU.ActiveCfg = Debug|Any CPU
		{500E2DBA-A365-CEE1-07E5-6653468A64EA}.Debug|Any CPU.Build.0 = Debug|Any CPU
		{500E2DBA-A365-CEE1-07E5-6653468A64EA}.Release|Any CPU.ActiveCfg = Release|Any CPU
		{500E2DBA-A365-CEE1-07E5-6653468A64EA}.Release|Any CPU.Build.0 = Release|Any CPU
		{3996C9DD-C4A9-88EE-0AF2-D79DFBC620A9}.Debug|Any CPU.ActiveCfg = Debug|Any CPU
		{3996C9DD-C4A9-88EE-0AF2-D79DFBC620A9}.Debug|Any CPU.Build.0 = Debug|Any CPU
		{3996C9DD-C4A9-88EE-0AF2-D79DFBC620A9}.Release|Any CPU.ActiveCfg = Release|Any CPU
		{3996C9DD-C4A9-88EE-0AF2-D79DFBC620A9}.Release|Any CPU.Build.0 = Release|Any CPU
		{A15527F8-B2EA-C22C-1C5F-79608B83BB66}.Debug|Any CPU.ActiveCfg = Debug|Any CPU
		{A15527F8-B2EA-C22C-1C5F-79608B83BB66}.Debug|Any CPU.Build.0 = Debug|Any CPU
		{A15527F8-B2EA-C22C-1C5F-79608B83BB66}.Release|Any CPU.ActiveCfg = Release|Any CPU
		{A15527F8-B2EA-C22C-1C5F-79608B83BB66}.Release|Any CPU.Build.0 = Release|Any CPU
		{33A42C4F-2D17-E009-1B1B-D8614BCB4B57}.Debug|Any CPU.ActiveCfg = Debug|Any CPU
		{33A42C4F-2D17-E009-1B1B-D8614BCB4B57}.Debug|Any CPU.Build.0 = Debug|Any CPU
		{33A42C4F-2D17-E009-1B1B-D8614BCB4B57}.Release|Any CPU.ActiveCfg = Release|Any CPU
		{33A42C4F-2D17-E009-1B1B-D8614BCB4B57}.Release|Any CPU.Build.0 = Release|Any CPU
	EndGlobalSection
	GlobalSection(SolutionProperties) = preSolution
		HideSolutionNode = FALSE
	EndGlobalSection
	GlobalSection(NestedProjects) = preSolution
		{6521DC95-959B-4EDA-98C1-8D6E1B14576F} = {57C650B0-0156-4E70-AE12-113039EF15D3}
		{7F24359F-95DB-429E-8CF5-18141726032C} = {57C650B0-0156-4E70-AE12-113039EF15D3}
		{F7790F83-383F-998D-3FE2-D2415A3DB68B} = {84F16610-F68A-42B8-A7C0-839F4B02A4C5}
		{7AC012A9-4BFA-90BE-6F59-A4112F4DA634} = {6521DC95-959B-4EDA-98C1-8D6E1B14576F}
		{66F6D27B-0E2B-7DAF-7224-E68F08073033} = {6521DC95-959B-4EDA-98C1-8D6E1B14576F}
		{0CD48793-5195-2606-938A-852C12B01B5A} = {6521DC95-959B-4EDA-98C1-8D6E1B14576F}
		{31B74508-3229-FE41-A28C-550D811077DB} = {6521DC95-959B-4EDA-98C1-8D6E1B14576F}
		{011D55B3-7A49-2E97-BD04-9CD41A90480F} = {6521DC95-959B-4EDA-98C1-8D6E1B14576F}
		{D0DBCF93-5601-B28D-49FB-AC59462DBFBF} = {7F24359F-95DB-429E-8CF5-18141726032C}
		{F2B1DB34-4AFD-7C73-DC3A-E6E569A71067} = {7F24359F-95DB-429E-8CF5-18141726032C}
		{57197625-13AF-6149-2A5F-EB43C3921612} = {7F24359F-95DB-429E-8CF5-18141726032C}
		{500E2DBA-A365-CEE1-07E5-6653468A64EA} = {7F24359F-95DB-429E-8CF5-18141726032C}
		{3996C9DD-C4A9-88EE-0AF2-D79DFBC620A9} = {7F24359F-95DB-429E-8CF5-18141726032C}
		{A15527F8-B2EA-C22C-1C5F-79608B83BB66} = {02EA681E-C7D8-13C7-8484-4AC65E1B71E8}
		{33A42C4F-2D17-E009-1B1B-D8614BCB4B57} = {84F16610-F68A-42B8-A7C0-839F4B02A4C5}
	EndGlobalSection
	GlobalSection(ExtensibilityGlobals) = postSolution
		SolutionGuid = {0D717146-FA34-4806-92FA-B345A87F5D78}
	EndGlobalSection
EndGlobal
